// !$*UTF8*$!
{
	archiveVersion = 1;
	classes = {
	};
	objectVersion = 55;
	objects = {

/* Begin PBXBuildFile section */
		871EE672274386E200E64C4B /* globestart.swift in Sources */ = {isa = PBXBuildFile; fileRef = 871EE671274386E200E64C4B /* globestart.swift */; };
		872EA2222764FA3200EAD9E9 /* HomeView.swift in Sources */ = {isa = PBXBuildFile; fileRef = 872EA2212764FA3200EAD9E9 /* HomeView.swift */; };
		8734377B277329490036741E /* snowFall.sks in Resources */ = {isa = PBXBuildFile; fileRef = 87343779277329490036741E /* snowFall.sks */; };
		8734377C277329490036741E /* Assets.xcassets in Resources */ = {isa = PBXBuildFile; fileRef = 8734377A277329490036741E /* Assets.xcassets */; };
		8741C619274B846B00E96363 /* LeaderBoardView.swift in Sources */ = {isa = PBXBuildFile; fileRef = 8741C618274B846B00E96363 /* LeaderBoardView.swift */; };
		8756D47628EEF85A00A39536 /* loginView.swift in Sources */ = {isa = PBXBuildFile; fileRef = 8756D47528EEF85A00A39536 /* loginView.swift */; };
		8756D47828EEF86B00A39536 /* Launch Screen.storyboard in Resources */ = {isa = PBXBuildFile; fileRef = 8756D47728EEF86B00A39536 /* Launch Screen.storyboard */; };
		8756D48128EF005E00A39536 /* Fonts.swift in Sources */ = {isa = PBXBuildFile; fileRef = 8756D48028EF005E00A39536 /* Fonts.swift */; };
		8757FCD427467901005287F1 /* AsiaQuiz.swift in Sources */ = {isa = PBXBuildFile; fileRef = 8757FCD327467901005287F1 /* AsiaQuiz.swift */; };
		8757FCD62746898F005287F1 /* AfricaQuiz.swift in Sources */ = {isa = PBXBuildFile; fileRef = 8757FCD52746898F005287F1 /* AfricaQuiz.swift */; };
		8757FCD82746899E005287F1 /* AmericaQuiz.swift in Sources */ = {isa = PBXBuildFile; fileRef = 8757FCD72746899E005287F1 /* AmericaQuiz.swift */; };
		8757FCDA274689A8005287F1 /* AllQuiz.swift in Sources */ = {isa = PBXBuildFile; fileRef = 8757FCD9274689A8005287F1 /* AllQuiz.swift */; };
		875F60F728F0193800EA0FA6 /* UserModel.swift in Sources */ = {isa = PBXBuildFile; fileRef = 875F60F628F0193800EA0FA6 /* UserModel.swift */; };
		875F60F928F01EBF00EA0FA6 /* FbModel.swift in Sources */ = {isa = PBXBuildFile; fileRef = 875F60F828F01EBF00EA0FA6 /* FbModel.swift */; };
		8773CC9D2763925500024F9B /* AltChooseView.swift in Sources */ = {isa = PBXBuildFile; fileRef = 8773CC9C2763925500024F9B /* AltChooseView.swift */; };
		87AF8AEF2742802B0021321D /* sadsadasdApp.swift in Sources */ = {isa = PBXBuildFile; fileRef = 87AF8AEE2742802B0021321D /* sadsadasdApp.swift */; };
		87AF8AF32742802C0021321D /* Assets.xcassets in Resources */ = {isa = PBXBuildFile; fileRef = 87AF8AF22742802C0021321D /* Assets.xcassets */; };
		87AF8AF62742802C0021321D /* Preview Assets.xcassets in Resources */ = {isa = PBXBuildFile; fileRef = 87AF8AF52742802C0021321D /* Preview Assets.xcassets */; };
		87AF8AFF274282DC0021321D /* AnswerButton.swift in Sources */ = {isa = PBXBuildFile; fileRef = 87AF8AFE274282DC0021321D /* AnswerButton.swift */; };
		87BFDC8828F6B2820075301D /* GoogleService-Info.plist in Resources */ = {isa = PBXBuildFile; fileRef = 87BFDC8728F6B2820075301D /* GoogleService-Info.plist */; };
		87BFDC8B28F82B380075301D /* Lottie in Frameworks */ = {isa = PBXBuildFile; productRef = 87BFDC8A28F82B380075301D /* Lottie */; };
		87BFDC8D28F831D20075301D /* LottieView.swift in Sources */ = {isa = PBXBuildFile; fileRef = 87BFDC8C28F831D20075301D /* LottieView.swift */; };
		87BFDC9128F834730075301D /* loading.json in Resources */ = {isa = PBXBuildFile; fileRef = 87BFDC9028F834730075301D /* loading.json */; };
		87BFDCAD28F841600075301D /* FirebaseAnalytics in Frameworks */ = {isa = PBXBuildFile; productRef = 87BFDCAC28F841600075301D /* FirebaseAnalytics */; };
		87BFDCAF28F841640075301D /* FirebaseAuth in Frameworks */ = {isa = PBXBuildFile; productRef = 87BFDCAE28F841640075301D /* FirebaseAuth */; };
		87BFDCB128F8416A0075301D /* FirebaseFirestore in Frameworks */ = {isa = PBXBuildFile; productRef = 87BFDCB028F8416A0075301D /* FirebaseFirestore */; };
		87BFDCB328F841700075301D /* FirebaseCrashlytics in Frameworks */ = {isa = PBXBuildFile; productRef = 87BFDCB228F841700075301D /* FirebaseCrashlytics */; };
		87BFDCB528F841790075301D /* FirebaseDatabase in Frameworks */ = {isa = PBXBuildFile; productRef = 87BFDCB428F841790075301D /* FirebaseDatabase */; };
		87BFDCB728F841810075301D /* FirebaseStorage in Frameworks */ = {isa = PBXBuildFile; productRef = 87BFDCB628F841810075301D /* FirebaseStorage */; };
		87BFDCC928FB46E60075301D /* AppManager.swift in Sources */ = {isa = PBXBuildFile; fileRef = 87BFDCC828FB46E60075301D /* AppManager.swift */; };
		87E4BAD52754D7A0003C48C8 /* CountryListView.swift in Sources */ = {isa = PBXBuildFile; fileRef = 87E4BAD42754D7A0003C48C8 /* CountryListView.swift */; };
		87E4BADA2754EDDD003C48C8 /* EuropeScore.swift in Sources */ = {isa = PBXBuildFile; fileRef = 87E4BAD92754EDDD003C48C8 /* EuropeScore.swift */; };
		87E4BADC2754EEB6003C48C8 /* AsiaScore.swift in Sources */ = {isa = PBXBuildFile; fileRef = 87E4BADB2754EEB6003C48C8 /* AsiaScore.swift */; };
		87E4BADE2754EEBE003C48C8 /* AfricaScore.swift in Sources */ = {isa = PBXBuildFile; fileRef = 87E4BADD2754EEBE003C48C8 /* AfricaScore.swift */; };
		87E4BAE02754EECA003C48C8 /* AmericaScore.swift in Sources */ = {isa = PBXBuildFile; fileRef = 87E4BADF2754EECA003C48C8 /* AmericaScore.swift */; };
		87E4BAE22754EED7003C48C8 /* AllworldScore.swift in Sources */ = {isa = PBXBuildFile; fileRef = 87E4BAE12754EED7003C48C8 /* AllworldScore.swift */; };
		87E5028927706E9F00CF255E /* CustomAlert.swift in Sources */ = {isa = PBXBuildFile; fileRef = 87E5028827706E9F00CF255E /* CustomAlert.swift */; };
		87E8CD8B2743AAAD00EDB61D /* QuizView.swift in Sources */ = {isa = PBXBuildFile; fileRef = 87E8CD8A2743AAAD00EDB61D /* QuizView.swift */; };
		87E8CD8D2743AB6200EDB61D /* Flags.swift in Sources */ = {isa = PBXBuildFile; fileRef = 87E8CD8C2743AB6200EDB61D /* Flags.swift */; };
		87E8CD8F2743BC0C00EDB61D /* timerview.swift in Sources */ = {isa = PBXBuildFile; fileRef = 87E8CD8E2743BC0C00EDB61D /* timerview.swift */; };
		87E8CE0B2745224000EDB61D /* ContentView.swift in Sources */ = {isa = PBXBuildFile; fileRef = 87E8CE0A2745224000EDB61D /* ContentView.swift */; };
		87E8CE0D2745246300EDB61D /* chooseQuiz.swift in Sources */ = {isa = PBXBuildFile; fileRef = 87E8CE0C2745246300EDB61D /* chooseQuiz.swift */; };
		87E8CE0F2745385600EDB61D /* EuropeQuiz.swift in Sources */ = {isa = PBXBuildFile; fileRef = 87E8CE0E2745385600EDB61D /* EuropeQuiz.swift */; };
		87E8CE112746406A00EDB61D /* Timer2.swift in Sources */ = {isa = PBXBuildFile; fileRef = 87E8CE102746406A00EDB61D /* Timer2.swift */; };
/* End PBXBuildFile section */

/* Begin PBXFileReference section */
		871EE671274386E200E64C4B /* globestart.swift */ = {isa = PBXFileReference; lastKnownFileType = sourcecode.swift; path = globestart.swift; sourceTree = "<group>"; };
		872EA2212764FA3200EAD9E9 /* HomeView.swift */ = {isa = PBXFileReference; lastKnownFileType = sourcecode.swift; path = HomeView.swift; sourceTree = "<group>"; };
		87343779277329490036741E /* snowFall.sks */ = {isa = PBXFileReference; lastKnownFileType = file.sks; path = snowFall.sks; sourceTree = "<group>"; };
		8734377A277329490036741E /* Assets.xcassets */ = {isa = PBXFileReference; lastKnownFileType = folder.assetcatalog; path = Assets.xcassets; sourceTree = "<group>"; };
		8741C618274B846B00E96363 /* LeaderBoardView.swift */ = {isa = PBXFileReference; lastKnownFileType = sourcecode.swift; path = LeaderBoardView.swift; sourceTree = "<group>"; };
		8756D47528EEF85A00A39536 /* loginView.swift */ = {isa = PBXFileReference; lastKnownFileType = sourcecode.swift; path = loginView.swift; sourceTree = "<group>"; };
		8756D47728EEF86B00A39536 /* Launch Screen.storyboard */ = {isa = PBXFileReference; lastKnownFileType = file.storyboard; path = "Launch Screen.storyboard"; sourceTree = "<group>"; };
		8756D48028EF005E00A39536 /* Fonts.swift */ = {isa = PBXFileReference; lastKnownFileType = sourcecode.swift; path = Fonts.swift; sourceTree = "<group>"; };
		8757FCD327467901005287F1 /* AsiaQuiz.swift */ = {isa = PBXFileReference; lastKnownFileType = sourcecode.swift; path = AsiaQuiz.swift; sourceTree = "<group>"; };
		8757FCD52746898F005287F1 /* AfricaQuiz.swift */ = {isa = PBXFileReference; lastKnownFileType = sourcecode.swift; path = AfricaQuiz.swift; sourceTree = "<group>"; };
		8757FCD72746899E005287F1 /* AmericaQuiz.swift */ = {isa = PBXFileReference; lastKnownFileType = sourcecode.swift; path = AmericaQuiz.swift; sourceTree = "<group>"; };
		8757FCD9274689A8005287F1 /* AllQuiz.swift */ = {isa = PBXFileReference; lastKnownFileType = sourcecode.swift; path = AllQuiz.swift; sourceTree = "<group>"; };
		875F60F628F0193800EA0FA6 /* UserModel.swift */ = {isa = PBXFileReference; lastKnownFileType = sourcecode.swift; path = UserModel.swift; sourceTree = "<group>"; };
		875F60F828F01EBF00EA0FA6 /* FbModel.swift */ = {isa = PBXFileReference; lastKnownFileType = sourcecode.swift; path = FbModel.swift; sourceTree = "<group>"; };
		8773CC9C2763925500024F9B /* AltChooseView.swift */ = {isa = PBXFileReference; lastKnownFileType = sourcecode.swift; path = AltChooseView.swift; sourceTree = "<group>"; };
		87AF8AEB2742802B0021321D /* World - Flag quiz.app */ = {isa = PBXFileReference; explicitFileType = wrapper.application; includeInIndex = 0; path = "World - Flag quiz.app"; sourceTree = BUILT_PRODUCTS_DIR; };
		87AF8AEE2742802B0021321D /* sadsadasdApp.swift */ = {isa = PBXFileReference; lastKnownFileType = sourcecode.swift; path = sadsadasdApp.swift; sourceTree = "<group>"; };
		87AF8AF22742802C0021321D /* Assets.xcassets */ = {isa = PBXFileReference; lastKnownFileType = folder.assetcatalog; path = Assets.xcassets; sourceTree = "<group>"; };
		87AF8AF52742802C0021321D /* Preview Assets.xcassets */ = {isa = PBXFileReference; lastKnownFileType = folder.assetcatalog; path = "Preview Assets.xcassets"; sourceTree = "<group>"; };
		87AF8AFE274282DC0021321D /* AnswerButton.swift */ = {isa = PBXFileReference; lastKnownFileType = sourcecode.swift; path = AnswerButton.swift; sourceTree = "<group>"; };
		87BFDC8728F6B2820075301D /* GoogleService-Info.plist */ = {isa = PBXFileReference; fileEncoding = 4; lastKnownFileType = text.plist.xml; name = "GoogleService-Info.plist"; path = "../../../Downloads/GoogleService-Info.plist"; sourceTree = "<group>"; };
		87BFDC8C28F831D20075301D /* LottieView.swift */ = {isa = PBXFileReference; lastKnownFileType = sourcecode.swift; path = LottieView.swift; sourceTree = "<group>"; };
		87BFDC9028F834730075301D /* loading.json */ = {isa = PBXFileReference; fileEncoding = 4; lastKnownFileType = text.json; path = loading.json; sourceTree = "<group>"; };
		87BFDCC828FB46E60075301D /* AppManager.swift */ = {isa = PBXFileReference; lastKnownFileType = sourcecode.swift; path = AppManager.swift; sourceTree = "<group>"; };
		87E4BAD42754D7A0003C48C8 /* CountryListView.swift */ = {isa = PBXFileReference; lastKnownFileType = sourcecode.swift; path = CountryListView.swift; sourceTree = "<group>"; };
		87E4BAD92754EDDD003C48C8 /* EuropeScore.swift */ = {isa = PBXFileReference; lastKnownFileType = sourcecode.swift; path = EuropeScore.swift; sourceTree = "<group>"; };
		87E4BADB2754EEB6003C48C8 /* AsiaScore.swift */ = {isa = PBXFileReference; lastKnownFileType = sourcecode.swift; path = AsiaScore.swift; sourceTree = "<group>"; };
		87E4BADD2754EEBE003C48C8 /* AfricaScore.swift */ = {isa = PBXFileReference; lastKnownFileType = sourcecode.swift; path = AfricaScore.swift; sourceTree = "<group>"; };
		87E4BADF2754EECA003C48C8 /* AmericaScore.swift */ = {isa = PBXFileReference; lastKnownFileType = sourcecode.swift; path = AmericaScore.swift; sourceTree = "<group>"; };
		87E4BAE12754EED7003C48C8 /* AllworldScore.swift */ = {isa = PBXFileReference; lastKnownFileType = sourcecode.swift; path = AllworldScore.swift; sourceTree = "<group>"; };
		87E5028827706E9F00CF255E /* CustomAlert.swift */ = {isa = PBXFileReference; lastKnownFileType = sourcecode.swift; path = CustomAlert.swift; sourceTree = "<group>"; };
		87E8CD8A2743AAAD00EDB61D /* QuizView.swift */ = {isa = PBXFileReference; lastKnownFileType = sourcecode.swift; path = QuizView.swift; sourceTree = "<group>"; };
		87E8CD8C2743AB6200EDB61D /* Flags.swift */ = {isa = PBXFileReference; lastKnownFileType = sourcecode.swift; path = Flags.swift; sourceTree = "<group>"; };
		87E8CD8E2743BC0C00EDB61D /* timerview.swift */ = {isa = PBXFileReference; lastKnownFileType = sourcecode.swift; path = timerview.swift; sourceTree = "<group>"; };
		87E8CE0A2745224000EDB61D /* ContentView.swift */ = {isa = PBXFileReference; lastKnownFileType = sourcecode.swift; path = ContentView.swift; sourceTree = "<group>"; };
		87E8CE0C2745246300EDB61D /* chooseQuiz.swift */ = {isa = PBXFileReference; lastKnownFileType = sourcecode.swift; path = chooseQuiz.swift; sourceTree = "<group>"; };
		87E8CE0E2745385600EDB61D /* EuropeQuiz.swift */ = {isa = PBXFileReference; lastKnownFileType = sourcecode.swift; path = EuropeQuiz.swift; sourceTree = "<group>"; };
		87E8CE102746406A00EDB61D /* Timer2.swift */ = {isa = PBXFileReference; lastKnownFileType = sourcecode.swift; path = Timer2.swift; sourceTree = "<group>"; };
/* End PBXFileReference section */

/* Begin PBXFrameworksBuildPhase section */
		87AF8AE82742802B0021321D /* Frameworks */ = {
			isa = PBXFrameworksBuildPhase;
			buildActionMask = 2147483647;
			files = (
				87BFDCB528F841790075301D /* FirebaseDatabase in Frameworks */,
				87BFDCAD28F841600075301D /* FirebaseAnalytics in Frameworks */,
				87BFDCB128F8416A0075301D /* FirebaseFirestore in Frameworks */,
				87BFDCB328F841700075301D /* FirebaseCrashlytics in Frameworks */,
				87BFDCB728F841810075301D /* FirebaseStorage in Frameworks */,
				87BFDCAF28F841640075301D /* FirebaseAuth in Frameworks */,
				87BFDC8B28F82B380075301D /* Lottie in Frameworks */,
			);
			runOnlyForDeploymentPostprocessing = 0;
		};
/* End PBXFrameworksBuildPhase section */

/* Begin PBXGroup section */
		87343778277328ED0036741E /* Spritekit */ = {
			isa = PBXGroup;
			children = (
				87343779277329490036741E /* snowFall.sks */,
				8734377A277329490036741E /* Assets.xcassets */,
			);
			path = Spritekit;
			sourceTree = "<group>";
		};
		8757FCDB274689B5005287F1 /* Quiz */ = {
			isa = PBXGroup;
			children = (
				8757FCD9274689A8005287F1 /* AllQuiz.swift */,
				87E8CE0E2745385600EDB61D /* EuropeQuiz.swift */,
				8757FCD327467901005287F1 /* AsiaQuiz.swift */,
				8757FCD52746898F005287F1 /* AfricaQuiz.swift */,
				8757FCD72746899E005287F1 /* AmericaQuiz.swift */,
			);
			path = Quiz;
			sourceTree = "<group>";
		};
		875F60EF28F017E300EA0FA6 /* Frameworks */ = {
			isa = PBXGroup;
			children = (
			);
			name = Frameworks;
			sourceTree = "<group>";
		};
		875F60FA28F01EC500EA0FA6 /* Firebase */ = {
			isa = PBXGroup;
			children = (
				875F60F828F01EBF00EA0FA6 /* FbModel.swift */,
				875F60F628F0193800EA0FA6 /* UserModel.swift */,
			);
			path = Firebase;
			sourceTree = "<group>";
		};
		8762969F274FBC9B005BDB7B /* grupp */ = {
			isa = PBXGroup;
			children = (
				87AF8AFE274282DC0021321D /* AnswerButton.swift */,
				87E8CD8A2743AAAD00EDB61D /* QuizView.swift */,
				87E8CD8C2743AB6200EDB61D /* Flags.swift */,
				87E8CE102746406A00EDB61D /* Timer2.swift */,
				87E8CD8E2743BC0C00EDB61D /* timerview.swift */,
			);
			path = grupp;
			sourceTree = "<group>";
		};
		87AF8AE22742802B0021321D = {
			isa = PBXGroup;
			children = (
				87AF8AED2742802B0021321D /* sadsadasd */,
				87AF8AEC2742802B0021321D /* Products */,
				875F60EF28F017E300EA0FA6 /* Frameworks */,
			);
			sourceTree = "<group>";
		};
		87AF8AEC2742802B0021321D /* Products */ = {
			isa = PBXGroup;
			children = (
				87AF8AEB2742802B0021321D /* World - Flag quiz.app */,
			);
			name = Products;
			sourceTree = "<group>";
		};
		87AF8AED2742802B0021321D /* sadsadasd */ = {
			isa = PBXGroup;
			children = (
				87BFDC9028F834730075301D /* loading.json */,
				87BFDC8728F6B2820075301D /* GoogleService-Info.plist */,
				875F60FA28F01EC500EA0FA6 /* Firebase */,
				87343778277328ED0036741E /* Spritekit */,
				87AF8AEE2742802B0021321D /* sadsadasdApp.swift */,
				8756D48028EF005E00A39536 /* Fonts.swift */,
				87E8CE0A2745224000EDB61D /* ContentView.swift */,
				8756D47528EEF85A00A39536 /* loginView.swift */,
				872EA2212764FA3200EAD9E9 /* HomeView.swift */,
				87BFDCC828FB46E60075301D /* AppManager.swift */,
				87E8CE0C2745246300EDB61D /* chooseQuiz.swift */,
				8773CC9C2763925500024F9B /* AltChooseView.swift */,
				87E4BAD42754D7A0003C48C8 /* CountryListView.swift */,
				871EE671274386E200E64C4B /* globestart.swift */,
				87E5028827706E9F00CF255E /* CustomAlert.swift */,
				87BFDC8C28F831D20075301D /* LottieView.swift */,
				8756D47728EEF86B00A39536 /* Launch Screen.storyboard */,
				8757FCDB274689B5005287F1 /* Quiz */,
				87E4BAD82754EDB3003C48C8 /* LeaderBoardViews */,
				8762969F274FBC9B005BDB7B /* grupp */,
				87AF8AF22742802C0021321D /* Assets.xcassets */,
				87AF8AF42742802C0021321D /* Preview Content */,
			);
			path = sadsadasd;
			sourceTree = "<group>";
		};
		87AF8AF42742802C0021321D /* Preview Content */ = {
			isa = PBXGroup;
			children = (
				87E8CD932744044A00EDB61D /* New Group */,
				87AF8AF52742802C0021321D /* Preview Assets.xcassets */,
			);
			path = "Preview Content";
			sourceTree = "<group>";
		};
		87E4BAD82754EDB3003C48C8 /* LeaderBoardViews */ = {
			isa = PBXGroup;
			children = (
				8741C618274B846B00E96363 /* LeaderBoardView.swift */,
				87E4BAE12754EED7003C48C8 /* AllworldScore.swift */,
				87E4BAD92754EDDD003C48C8 /* EuropeScore.swift */,
				87E4BADB2754EEB6003C48C8 /* AsiaScore.swift */,
				87E4BADD2754EEBE003C48C8 /* AfricaScore.swift */,
				87E4BADF2754EECA003C48C8 /* AmericaScore.swift */,
			);
			path = LeaderBoardViews;
			sourceTree = "<group>";
		};
		87E8CD92274403EA00EDB61D /* New Group */ = {
			isa = PBXGroup;
			children = (
			);
			name = "New Group";
			path = "../../New Group";
			sourceTree = "<group>";
		};
		87E8CD932744044A00EDB61D /* New Group */ = {
			isa = PBXGroup;
			children = (
				87E8CD92274403EA00EDB61D /* New Group */,
			);
			path = "New Group";
			sourceTree = "<group>";
		};
/* End PBXGroup section */

/* Begin PBXNativeTarget section */
		87AF8AEA2742802B0021321D /* World - Flag quiz */ = {
			isa = PBXNativeTarget;
			buildConfigurationList = 87AF8AF92742802C0021321D /* Build configuration list for PBXNativeTarget "World - Flag quiz" */;
			buildPhases = (
				87AF8AE72742802B0021321D /* Sources */,
				87AF8AE82742802B0021321D /* Frameworks */,
				87AF8AE92742802B0021321D /* Resources */,
				8740B79E27724203006D9522 /* ShellScript */,
			);
			buildRules = (
			);
			dependencies = (
			);
			name = "World - Flag quiz";
			packageProductDependencies = (
				87BFDC8A28F82B380075301D /* Lottie */,
				87BFDCAC28F841600075301D /* FirebaseAnalytics */,
				87BFDCAE28F841640075301D /* FirebaseAuth */,
				87BFDCB028F8416A0075301D /* FirebaseFirestore */,
				87BFDCB228F841700075301D /* FirebaseCrashlytics */,
				87BFDCB428F841790075301D /* FirebaseDatabase */,
				87BFDCB628F841810075301D /* FirebaseStorage */,
			);
			productName = sadsadasd;
			productReference = 87AF8AEB2742802B0021321D /* World - Flag quiz.app */;
			productType = "com.apple.product-type.application";
		};
/* End PBXNativeTarget section */

/* Begin PBXProject section */
		87AF8AE32742802B0021321D /* Project object */ = {
			isa = PBXProject;
			attributes = {
				BuildIndependentTargetsInParallel = 1;
				LastSwiftUpdateCheck = 1310;
				LastUpgradeCheck = 1310;
				TargetAttributes = {
					87AF8AEA2742802B0021321D = {
						CreatedOnToolsVersion = 13.1;
					};
				};
			};
			buildConfigurationList = 87AF8AE62742802B0021321D /* Build configuration list for PBXProject "World - Flag quiz" */;
			compatibilityVersion = "Xcode 13.0";
			developmentRegion = en;
			hasScannedForEncodings = 0;
			knownRegions = (
				en,
				Base,
			);
			mainGroup = 87AF8AE22742802B0021321D;
			packageReferences = (
				87E502EE2770788E00CF255E /* XCRemoteSwiftPackageReference "firebase-ios-sdk" */,
				87BFDC8928F82B380075301D /* XCRemoteSwiftPackageReference "lottie-ios" */,
			);
			productRefGroup = 87AF8AEC2742802B0021321D /* Products */;
			projectDirPath = "";
			projectRoot = "";
			targets = (
				87AF8AEA2742802B0021321D /* World - Flag quiz */,
			);
		};
/* End PBXProject section */

/* Begin PBXResourcesBuildPhase section */
		87AF8AE92742802B0021321D /* Resources */ = {
			isa = PBXResourcesBuildPhase;
			buildActionMask = 2147483647;
			files = (
				8756D47828EEF86B00A39536 /* Launch Screen.storyboard in Resources */,
				87AF8AF62742802C0021321D /* Preview Assets.xcassets in Resources */,
				8734377B277329490036741E /* snowFall.sks in Resources */,
				87AF8AF32742802C0021321D /* Assets.xcassets in Resources */,
				87BFDC9128F834730075301D /* loading.json in Resources */,
				8734377C277329490036741E /* Assets.xcassets in Resources */,
				87BFDC8828F6B2820075301D /* GoogleService-Info.plist in Resources */,
			);
			runOnlyForDeploymentPostprocessing = 0;
		};
/* End PBXResourcesBuildPhase section */

/* Begin PBXShellScriptBuildPhase section */
		8740B79E27724203006D9522 /* ShellScript */ = {
			isa = PBXShellScriptBuildPhase;
			buildActionMask = 2147483647;
			files = (
			);
			inputFileListPaths = (
			);
			inputPaths = (
				"${DWARF_DSYM_FOLDER_PATH}/${DWARF_DSYM_FILE_NAME}/Contents/Resources/DWARF/${TARGET_NAME}",
				"$(SRCROOT)/$(BUILT_PRODUCTS_DIR)/$(INFOPLIST_PATH)",
			);
			outputFileListPaths = (
			);
			outputPaths = (
			);
			runOnlyForDeploymentPostprocessing = 0;
			shellPath = /bin/sh;
			shellScript = "\"${BUILD_DIR%/Build/*}/SourcePackages/checkouts/firebase-ios-sdk/Crashlytics/run\"\n";
		};
/* End PBXShellScriptBuildPhase section */

/* Begin PBXSourcesBuildPhase section */
		87AF8AE72742802B0021321D /* Sources */ = {
			isa = PBXSourcesBuildPhase;
			buildActionMask = 2147483647;
			files = (
				87BFDC8D28F831D20075301D /* LottieView.swift in Sources */,
				8757FCDA274689A8005287F1 /* AllQuiz.swift in Sources */,
				87E8CE0F2745385600EDB61D /* EuropeQuiz.swift in Sources */,
				87E4BADE2754EEBE003C48C8 /* AfricaScore.swift in Sources */,
				8757FCD82746899E005287F1 /* AmericaQuiz.swift in Sources */,
				875F60F928F01EBF00EA0FA6 /* FbModel.swift in Sources */,
				87E4BAE02754EECA003C48C8 /* AmericaScore.swift in Sources */,
				8741C619274B846B00E96363 /* LeaderBoardView.swift in Sources */,
				875F60F728F0193800EA0FA6 /* UserModel.swift in Sources */,
				87AF8AFF274282DC0021321D /* AnswerButton.swift in Sources */,
				87E4BADC2754EEB6003C48C8 /* AsiaScore.swift in Sources */,
				8773CC9D2763925500024F9B /* AltChooseView.swift in Sources */,
				872EA2222764FA3200EAD9E9 /* HomeView.swift in Sources */,
				87E8CD8F2743BC0C00EDB61D /* timerview.swift in Sources */,
				8756D47628EEF85A00A39536 /* loginView.swift in Sources */,
				87E8CD8B2743AAAD00EDB61D /* QuizView.swift in Sources */,
				87E8CE112746406A00EDB61D /* Timer2.swift in Sources */,
				8757FCD427467901005287F1 /* AsiaQuiz.swift in Sources */,
				8757FCD62746898F005287F1 /* AfricaQuiz.swift in Sources */,
				87E4BAD52754D7A0003C48C8 /* CountryListView.swift in Sources */,
				87BFDCC928FB46E60075301D /* AppManager.swift in Sources */,
				87E8CD8D2743AB6200EDB61D /* Flags.swift in Sources */,
				8756D48128EF005E00A39536 /* Fonts.swift in Sources */,
				87E4BADA2754EDDD003C48C8 /* EuropeScore.swift in Sources */,
				87E8CE0D2745246300EDB61D /* chooseQuiz.swift in Sources */,
				87E4BAE22754EED7003C48C8 /* AllworldScore.swift in Sources */,
				87E8CE0B2745224000EDB61D /* ContentView.swift in Sources */,
				87AF8AEF2742802B0021321D /* sadsadasdApp.swift in Sources */,
				871EE672274386E200E64C4B /* globestart.swift in Sources */,
				87E5028927706E9F00CF255E /* CustomAlert.swift in Sources */,
			);
			runOnlyForDeploymentPostprocessing = 0;
		};
/* End PBXSourcesBuildPhase section */

/* Begin XCBuildConfiguration section */
		87AF8AF72742802C0021321D /* Debug */ = {
			isa = XCBuildConfiguration;
			buildSettings = {
				ALWAYS_SEARCH_USER_PATHS = NO;
				CLANG_ANALYZER_NONNULL = YES;
				CLANG_ANALYZER_NUMBER_OBJECT_CONVERSION = YES_AGGRESSIVE;
				CLANG_CXX_LANGUAGE_STANDARD = "gnu++17";
				CLANG_CXX_LIBRARY = "libc++";
				CLANG_ENABLE_MODULES = YES;
				CLANG_ENABLE_OBJC_ARC = YES;
				CLANG_ENABLE_OBJC_WEAK = YES;
				CLANG_WARN_BLOCK_CAPTURE_AUTORELEASING = YES;
				CLANG_WARN_BOOL_CONVERSION = YES;
				CLANG_WARN_COMMA = YES;
				CLANG_WARN_CONSTANT_CONVERSION = YES;
				CLANG_WARN_DEPRECATED_OBJC_IMPLEMENTATIONS = YES;
				CLANG_WARN_DIRECT_OBJC_ISA_USAGE = YES_ERROR;
				CLANG_WARN_DOCUMENTATION_COMMENTS = YES;
				CLANG_WARN_EMPTY_BODY = YES;
				CLANG_WARN_ENUM_CONVERSION = YES;
				CLANG_WARN_INFINITE_RECURSION = YES;
				CLANG_WARN_INT_CONVERSION = YES;
				CLANG_WARN_NON_LITERAL_NULL_CONVERSION = YES;
				CLANG_WARN_OBJC_IMPLICIT_RETAIN_SELF = YES;
				CLANG_WARN_OBJC_LITERAL_CONVERSION = YES;
				CLANG_WARN_OBJC_ROOT_CLASS = YES_ERROR;
				CLANG_WARN_QUOTED_INCLUDE_IN_FRAMEWORK_HEADER = YES;
				CLANG_WARN_RANGE_LOOP_ANALYSIS = YES;
				CLANG_WARN_STRICT_PROTOTYPES = YES;
				CLANG_WARN_SUSPICIOUS_MOVE = YES;
				CLANG_WARN_UNGUARDED_AVAILABILITY = YES_AGGRESSIVE;
				CLANG_WARN_UNREACHABLE_CODE = YES;
				CLANG_WARN__DUPLICATE_METHOD_MATCH = YES;
				COPY_PHASE_STRIP = NO;
				DEBUG_INFORMATION_FORMAT = "dwarf-with-dsym";
				ENABLE_STRICT_OBJC_MSGSEND = YES;
				ENABLE_TESTABILITY = YES;
				GCC_C_LANGUAGE_STANDARD = gnu11;
				GCC_DYNAMIC_NO_PIC = NO;
				GCC_NO_COMMON_BLOCKS = YES;
				GCC_OPTIMIZATION_LEVEL = 0;
				GCC_PREPROCESSOR_DEFINITIONS = (
					"DEBUG=1",
					"$(inherited)",
				);
				GCC_WARN_64_TO_32_BIT_CONVERSION = YES;
				GCC_WARN_ABOUT_RETURN_TYPE = YES_ERROR;
				GCC_WARN_UNDECLARED_SELECTOR = YES;
				GCC_WARN_UNINITIALIZED_AUTOS = YES_AGGRESSIVE;
				GCC_WARN_UNUSED_FUNCTION = YES;
				GCC_WARN_UNUSED_VARIABLE = YES;
				IPHONEOS_DEPLOYMENT_TARGET = 16.0;
				MTL_ENABLE_DEBUG_INFO = INCLUDE_SOURCE;
				MTL_FAST_MATH = YES;
				ONLY_ACTIVE_ARCH = YES;
				SDKROOT = iphoneos;
				SWIFT_ACTIVE_COMPILATION_CONDITIONS = DEBUG;
				SWIFT_OPTIMIZATION_LEVEL = "-Onone";
			};
			name = Debug;
		};
		87AF8AF82742802C0021321D /* Release */ = {
			isa = XCBuildConfiguration;
			buildSettings = {
				ALWAYS_SEARCH_USER_PATHS = NO;
				CLANG_ANALYZER_NONNULL = YES;
				CLANG_ANALYZER_NUMBER_OBJECT_CONVERSION = YES_AGGRESSIVE;
				CLANG_CXX_LANGUAGE_STANDARD = "gnu++17";
				CLANG_CXX_LIBRARY = "libc++";
				CLANG_ENABLE_MODULES = YES;
				CLANG_ENABLE_OBJC_ARC = YES;
				CLANG_ENABLE_OBJC_WEAK = YES;
				CLANG_WARN_BLOCK_CAPTURE_AUTORELEASING = YES;
				CLANG_WARN_BOOL_CONVERSION = YES;
				CLANG_WARN_COMMA = YES;
				CLANG_WARN_CONSTANT_CONVERSION = YES;
				CLANG_WARN_DEPRECATED_OBJC_IMPLEMENTATIONS = YES;
				CLANG_WARN_DIRECT_OBJC_ISA_USAGE = YES_ERROR;
				CLANG_WARN_DOCUMENTATION_COMMENTS = YES;
				CLANG_WARN_EMPTY_BODY = YES;
				CLANG_WARN_ENUM_CONVERSION = YES;
				CLANG_WARN_INFINITE_RECURSION = YES;
				CLANG_WARN_INT_CONVERSION = YES;
				CLANG_WARN_NON_LITERAL_NULL_CONVERSION = YES;
				CLANG_WARN_OBJC_IMPLICIT_RETAIN_SELF = YES;
				CLANG_WARN_OBJC_LITERAL_CONVERSION = YES;
				CLANG_WARN_OBJC_ROOT_CLASS = YES_ERROR;
				CLANG_WARN_QUOTED_INCLUDE_IN_FRAMEWORK_HEADER = YES;
				CLANG_WARN_RANGE_LOOP_ANALYSIS = YES;
				CLANG_WARN_STRICT_PROTOTYPES = YES;
				CLANG_WARN_SUSPICIOUS_MOVE = YES;
				CLANG_WARN_UNGUARDED_AVAILABILITY = YES_AGGRESSIVE;
				CLANG_WARN_UNREACHABLE_CODE = YES;
				CLANG_WARN__DUPLICATE_METHOD_MATCH = YES;
				COPY_PHASE_STRIP = NO;
				DEBUG_INFORMATION_FORMAT = "dwarf-with-dsym";
				ENABLE_NS_ASSERTIONS = NO;
				ENABLE_STRICT_OBJC_MSGSEND = YES;
				GCC_C_LANGUAGE_STANDARD = gnu11;
				GCC_NO_COMMON_BLOCKS = YES;
				GCC_WARN_64_TO_32_BIT_CONVERSION = YES;
				GCC_WARN_ABOUT_RETURN_TYPE = YES_ERROR;
				GCC_WARN_UNDECLARED_SELECTOR = YES;
				GCC_WARN_UNINITIALIZED_AUTOS = YES_AGGRESSIVE;
				GCC_WARN_UNUSED_FUNCTION = YES;
				GCC_WARN_UNUSED_VARIABLE = YES;
				IPHONEOS_DEPLOYMENT_TARGET = 16.0;
				MTL_ENABLE_DEBUG_INFO = NO;
				MTL_FAST_MATH = YES;
				SDKROOT = iphoneos;
				SWIFT_COMPILATION_MODE = wholemodule;
				SWIFT_OPTIMIZATION_LEVEL = "-O";
				VALIDATE_PRODUCT = YES;
			};
			name = Release;
		};
		87AF8AFA2742802C0021321D /* Debug */ = {
			isa = XCBuildConfiguration;
			buildSettings = {
				ASSETCATALOG_COMPILER_APPICON_NAME = AppIcon;
				ASSETCATALOG_COMPILER_GLOBAL_ACCENT_COLOR_NAME = AccentColor;
				CODE_SIGN_IDENTITY = "Apple Development";
				CODE_SIGN_STYLE = Automatic;
				CURRENT_PROJECT_VERSION = 2;
				DEAD_CODE_STRIPPING = NO;
				DEVELOPMENT_ASSET_PATHS = "\"sadsadasd/Preview Content\"";
				DEVELOPMENT_TEAM = JP3R5582NV;
				ENABLE_PREVIEWS = YES;
				GENERATE_INFOPLIST_FILE = YES;
				INFOPLIST_KEY_UIApplicationSceneManifest_Generation = YES;
				INFOPLIST_KEY_UIApplicationSupportsIndirectInputEvents = YES;
				INFOPLIST_KEY_UILaunchScreen_Generation = YES;
				INFOPLIST_KEY_UISupportedInterfaceOrientations = UIInterfaceOrientationPortrait;
				INFOPLIST_KEY_UISupportedInterfaceOrientations_iPad = "UIInterfaceOrientationPortrait UIInterfaceOrientationPortraitUpsideDown UIInterfaceOrientationLandscapeLeft UIInterfaceOrientationLandscapeRight";
				INFOPLIST_KEY_UISupportedInterfaceOrientations_iPhone = "UIInterfaceOrientationPortrait UIInterfaceOrientationLandscapeLeft UIInterfaceOrientationLandscapeRight";
				LD_RUNPATH_SEARCH_PATHS = (
					"$(inherited)",
					"@executable_path/Frameworks",
				);
				MARKETING_VERSION = 1.0.3;
				PRODUCT_BUNDLE_IDENTIFIER = se.mattiasliljenberg.sadsadasd;
				PRODUCT_NAME = "World - Flag quiz";
				PROVISIONING_PROFILE_SPECIFIER = "";
				SWIFT_EMIT_LOC_STRINGS = YES;
				SWIFT_VERSION = 5.0;
				TARGETED_DEVICE_FAMILY = "1,2";
			};
			name = Debug;
		};
		87AF8AFB2742802C0021321D /* Release */ = {
			isa = XCBuildConfiguration;
			buildSettings = {
				ASSETCATALOG_COMPILER_APPICON_NAME = AppIcon;
				ASSETCATALOG_COMPILER_GLOBAL_ACCENT_COLOR_NAME = AccentColor;
				CODE_SIGN_IDENTITY = "Apple Development";
				CODE_SIGN_STYLE = Automatic;
				CURRENT_PROJECT_VERSION = 2;
				DEAD_CODE_STRIPPING = NO;
				DEVELOPMENT_ASSET_PATHS = "\"sadsadasd/Preview Content\"";
				DEVELOPMENT_TEAM = JP3R5582NV;
				ENABLE_PREVIEWS = YES;
				GENERATE_INFOPLIST_FILE = YES;
				INFOPLIST_KEY_UIApplicationSceneManifest_Generation = YES;
				INFOPLIST_KEY_UIApplicationSupportsIndirectInputEvents = YES;
				INFOPLIST_KEY_UILaunchScreen_Generation = YES;
				INFOPLIST_KEY_UISupportedInterfaceOrientations = UIInterfaceOrientationPortrait;
				INFOPLIST_KEY_UISupportedInterfaceOrientations_iPad = "UIInterfaceOrientationPortrait UIInterfaceOrientationPortraitUpsideDown UIInterfaceOrientationLandscapeLeft UIInterfaceOrientationLandscapeRight";
				INFOPLIST_KEY_UISupportedInterfaceOrientations_iPhone = "UIInterfaceOrientationPortrait UIInterfaceOrientationLandscapeLeft UIInterfaceOrientationLandscapeRight";
				LD_RUNPATH_SEARCH_PATHS = (
					"$(inherited)",
					"@executable_path/Frameworks",
				);
				MARKETING_VERSION = 1.0.3;
				PRODUCT_BUNDLE_IDENTIFIER = se.mattiasliljenberg.sadsadasd;
				PRODUCT_NAME = "World - Flag quiz";
				PROVISIONING_PROFILE_SPECIFIER = "";
				SWIFT_EMIT_LOC_STRINGS = YES;
				SWIFT_VERSION = 5.0;
				TARGETED_DEVICE_FAMILY = "1,2";
			};
			name = Release;
		};
/* End XCBuildConfiguration section */

/* Begin XCConfigurationList section */
		87AF8AE62742802B0021321D /* Build configuration list for PBXProject "World - Flag quiz" */ = {
			isa = XCConfigurationList;
			buildConfigurations = (
				87AF8AF72742802C0021321D /* Debug */,
				87AF8AF82742802C0021321D /* Release */,
			);
			defaultConfigurationIsVisible = 0;
			defaultConfigurationName = Release;
		};
		87AF8AF92742802C0021321D /* Build configuration list for PBXNativeTarget "World - Flag quiz" */ = {
			isa = XCConfigurationList;
			buildConfigurations = (
				87AF8AFA2742802C0021321D /* Debug */,
				87AF8AFB2742802C0021321D /* Release */,
			);
			defaultConfigurationIsVisible = 0;
			defaultConfigurationName = Release;
		};
/* End XCConfigurationList section */

/* Begin XCRemoteSwiftPackageReference section */
		87BFDC8928F82B380075301D /* XCRemoteSwiftPackageReference "lottie-ios" */ = {
			isa = XCRemoteSwiftPackageReference;
			repositoryURL = "https://github.com/airbnb/lottie-ios.git";
			requirement = {
				kind = upToNextMajorVersion;
				minimumVersion = 3.0.0;
			};
		};
		87E502EE2770788E00CF255E /* XCRemoteSwiftPackageReference "firebase-ios-sdk" */ = {
			isa = XCRemoteSwiftPackageReference;
			repositoryURL = "https://github.com/firebase/firebase-ios-sdk.git";
			requirement = {
				kind = upToNextMajorVersion;
				minimumVersion = 8.0.0;
			};
		};
/* End XCRemoteSwiftPackageReference section */

/* Begin XCSwiftPackageProductDependency section */
		87BFDC8A28F82B380075301D /* Lottie */ = {
			isa = XCSwiftPackageProductDependency;
			package = 87BFDC8928F82B380075301D /* XCRemoteSwiftPackageReference "lottie-ios" */;
			productName = Lottie;
		};
		87BFDCAC28F841600075301D /* FirebaseAnalytics */ = {
			isa = XCSwiftPackageProductDependency;
			package = 87E502EE2770788E00CF255E /* XCRemoteSwiftPackageReference "firebase-ios-sdk" */;
			productName = FirebaseAnalytics;
		};
		87BFDCAE28F841640075301D /* FirebaseAuth */ = {
			isa = XCSwiftPackageProductDependency;
			package = 87E502EE2770788E00CF255E /* XCRemoteSwiftPackageReference "firebase-ios-sdk" */;
			productName = FirebaseAuth;
		};
		87BFDCB028F8416A0075301D /* FirebaseFirestore */ = {
			isa = XCSwiftPackageProductDependency;
			package = 87E502EE2770788E00CF255E /* XCRemoteSwiftPackageReference "firebase-ios-sdk" */;
			productName = FirebaseFirestore;
		};
		87BFDCB228F841700075301D /* FirebaseCrashlytics */ = {
			isa = XCSwiftPackageProductDependency;
			package = 87E502EE2770788E00CF255E /* XCRemoteSwiftPackageReference "firebase-ios-sdk" */;
			productName = FirebaseCrashlytics;
		};
		87BFDCB428F841790075301D /* FirebaseDatabase */ = {
			isa = XCSwiftPackageProductDependency;
			package = 87E502EE2770788E00CF255E /* XCRemoteSwiftPackageReference "firebase-ios-sdk" */;
			productName = FirebaseDatabase;
		};
		87BFDCB628F841810075301D /* FirebaseStorage */ = {
			isa = XCSwiftPackageProductDependency;
			package = 87E502EE2770788E00CF255E /* XCRemoteSwiftPackageReference "firebase-ios-sdk" */;
			productName = FirebaseStorage;
		};
/* End XCSwiftPackageProductDependency section */
	};
	rootObject = 87AF8AE32742802B0021321D /* Project object */;
}
